# THIS IS AN AUTOGENERATED FILE. DO NOT EDIT THIS FILE DIRECTLY.
# yarn lockfile v1


flip-toolkit@^7.0.13:
  version "7.0.13"
  resolved "http://registry.npm.sbuild.cn:80/flip-toolkit/-/flip-toolkit-7.0.13.tgz#015d2d7ae4ef0abe3d1adff45fd98d4b63ef0202"
  integrity sha512-9rj4mPk2FeKu/FW8Rvl3YrU8Hc7uSUYpzk3ZBeVF0xaaZsoVMLrfmffrDsrQgASvbTbd5kEf9yjfSwEZ+30cKg==
  dependencies:
    rematrix "0.2.2"

rematrix@0.2.2:
  version "0.2.2"
  resolved "http://registry.npm.sbuild.cn:80/rematrix/-/rematrix-0.2.2.tgz#c96a050260782db9908904885991256e23beda5d"
  integrity sha512-agFFS3RzrLXJl5LY5xg/xYyXvUuVAnkhgKO7RaO9J1Ssth6yvbO+PIiV67V59MB5NCdAK2flvGvNT4mdKVniFA==

tslib@^2.3.0:
  version "2.3.1"
  resolved "http://registry.npm.sbuild.cn:80/tslib/-/tslib-2.3.1.tgz#e8a335add5ceae51aa261d32a490158ef042ef01"
  integrity sha512-77EbyPPpMz+FRFRuAFlWMtmgUWGe9UOG2Z25NqCwiIjRhOf5iKGuzSe5P2w1laq+FkRy4p+PCuVkJSGkzTEKVw==
