# THIS IS AN AUTOGENERATED FILE. DO NOT EDIT THIS FILE DIRECTLY.
# yarn lockfile v1


"@types/prop-types@*":
  version "15.7.4"
  resolved "http://registry.npm.sbuild.cn:80/@types%2fprop-types/-/prop-types-15.7.4.tgz#fcf7205c25dff795ee79af1e30da2c9790808f11"
  integrity sha512-rZ5drC/jWjrArrS8BR6SIr4cWpW09RNTYt9AMZo3Jwwif+iacXAqgVjm0B0Bv/S1jhDXKHqRVNCbACkJ89RAnQ==

"@types/react@^17.0.33":
  version "17.0.33"
  resolved "http://registry.npm.sbuild.cn:80/@types%2freact/-/react-17.0.33.tgz#e01ae3de7613dac1094569880bb3792732203ad5"
  integrity sha512-pLWntxXpDPaU+RTAuSGWGSEL2FRTNyRQOjSWDke/rxRg14ncsZvx8AKWMWZqvc1UOaJIAoObdZhAWvRaHFi5rw==
  dependencies:
    "@types/prop-types" "*"
    "@types/scheduler" "*"
    csstype "^3.0.2"

"@types/scheduler@*":
  version "0.16.2"
  resolved "http://registry.npm.sbuild.cn:80/@types%2fscheduler/-/scheduler-0.16.2.tgz#1a62f89525723dde24ba1b01b092bf5df8ad4d39"
  integrity sha512-hppQEBDmlwhFAXKJX2KnWLYu5yMfi91yazPb2l+lbJiwW+wdo1gNeRA+3RgNSO39WYX2euey41KEwnqesU2Jew==

csstype@^3.0.2:
  version "3.0.9"
  resolved "http://registry.npm.sbuild.cn:80/csstype/-/csstype-3.0.9.tgz#6410af31b26bd0520933d02cbc64fce9ce3fbf0b"
  integrity sha512-rpw6JPxK6Rfg1zLOYCSwle2GFOOsnjmDYDaBwEcwoOg4qlsIVCN789VkBZDJAGi4T07gI4YSutR43t9Zz4Lzuw==

flip-toolkit@^7.0.13:
  version "7.0.13"
  resolved "http://registry.npm.sbuild.cn:80/flip-toolkit/-/flip-toolkit-7.0.13.tgz#015d2d7ae4ef0abe3d1adff45fd98d4b63ef0202"
  integrity sha512-9rj4mPk2FeKu/FW8Rvl3YrU8Hc7uSUYpzk3ZBeVF0xaaZsoVMLrfmffrDsrQgASvbTbd5kEf9yjfSwEZ+30cKg==
  dependencies:
    rematrix "0.2.2"

rematrix@0.2.2:
  version "0.2.2"
  resolved "http://registry.npm.sbuild.cn:80/rematrix/-/rematrix-0.2.2.tgz#c96a050260782db9908904885991256e23beda5d"
  integrity sha512-agFFS3RzrLXJl5LY5xg/xYyXvUuVAnkhgKO7RaO9J1Ssth6yvbO+PIiV67V59MB5NCdAK2flvGvNT4mdKVniFA==

tslib@^2.3.0:
  version "2.3.1"
  resolved "http://registry.npm.sbuild.cn:80/tslib/-/tslib-2.3.1.tgz#e8a335add5ceae51aa261d32a490158ef042ef01"
  integrity sha512-77EbyPPpMz+FRFRuAFlWMtmgUWGe9UOG2Z25NqCwiIjRhOf5iKGuzSe5P2w1laq+FkRy4p+PCuVkJSGkzTEKVw==
